
Microsoft Visual Studio Solution File, Format Version 12.00
# Visual Studio Version 17
VisualStudioVersion = 17.3.32811.315
MinimumVisualStudioVersion = 10.0.40219.1
Project("{FAE04EC0-301F-11D3-BF4B-00C04F79EFBC}") = "BilOpgave", "BilOpgave\BilOpgave.csproj", "{CE5BC1F0-1165-4829-A6F4-DB1DC84C09E5}"
EndProject
Global
	GlobalSection(SolutionConfigurationPlatforms) = preSolution
		Debug|Any CPU = Debug|Any CPU
		Release|Any CPU = Release|Any CPU
	EndGlobalSection
	GlobalSection(ProjectConfigurationPlatforms) = postSolution
		{CE5BC1F0-1165-4829-A6F4-DB1DC84C09E5}.Debug|Any CPU.ActiveCfg = Debug|Any CPU
		{CE5BC1F0-1165-4829-A6F4-DB1DC84C09E5}.Debug|Any CPU.Build.0 = Debug|Any CPU
		{CE5BC1F0-1165-4829-A6F4-DB1DC84C09E5}.Release|Any CPU.ActiveCfg = Release|Any CPU
		{CE5BC1F0-1165-4829-A6F4-DB1DC84C09E5}.Release|Any CPU.Build.0 = Release|Any CPU
	EndGlobalSection
	GlobalSection(SolutionProperties) = preSolution
		HideSolutionNode = FALSE
	EndGlobalSection
	GlobalSection(ExtensibilityGlobals) = postSolution
		SolutionGuid = {96B84F94-F169-488E-A458-CE9DC15048E1}
	EndGlobalSection
EndGlobal
